
Microsoft Visual Studio Solution File, Format Version 12.00
# Visual Studio Version 16
VisualStudioVersion = 16.0.29215.179
MinimumVisualStudioVersion = 10.0.40219.1
Project("{FAE04EC0-301F-11D3-BF4B-00C04F79EFBC}") = "CookieReader", "CookieReader.csproj", "{C2262B64-ACED-47FB-BE02-9E48B787575A}"
EndProject
Global
	GlobalSection(SolutionConfigurationPlatforms) = preSolution
		Debug|Any CPU = Debug|Any CPU
		Release|Any CPU = Release|Any CPU
	EndGlobalSection
	GlobalSection(ProjectConfigurationPlatforms) = postSolution
		{C2262B64-ACED-47FB-BE02-9E48B787575A}.Debug|Any CPU.ActiveCfg = Debug|Any CPU
		{C2262B64-ACED-47FB-BE02-9E48B787575A}.Debug|Any CPU.Build.0 = Debug|Any CPU
		{C2262B64-ACED-47FB-BE02-9E48B787575A}.Release|Any CPU.ActiveCfg = Release|Any CPU
		{C2262B64-ACED-47FB-BE02-9E48B787575A}.Release|Any CPU.Build.0 = Release|Any CPU
	EndGlobalSection
	GlobalSection(SolutionProperties) = preSolution
		HideSolutionNode = FALSE
	EndGlobalSection
	GlobalSection(ExtensibilityGlobals) = postSolution
		SolutionGuid = {F537B577-FA21-4311-9F4A-960F52758214}
	EndGlobalSection
EndGlobal
